
Microsoft Visual Studio Solution File, Format Version 12.00
# Visual Studio Version 16
VisualStudioVersion = 16.0.28922.388
MinimumVisualStudioVersion = 10.0.40219.1
Project("{FAE04EC0-301F-11D3-BF4B-00C04F79EFBC}") = "Shojy.FF7.Elena", "Shojy.FF7.Elena\Shojy.FF7.Elena.csproj", "{C965FCFA-E4F1-41D8-A59F-E0AE9B612FA6}"
EndProject
Global
	GlobalSection(SolutionConfigurationPlatforms) = preSolution
		Debug|Any CPU = Debug|Any CPU
		Release|Any CPU = Release|Any CPU
	EndGlobalSection
	GlobalSection(ProjectConfigurationPlatforms) = postSolution
		{C965FCFA-E4F1-41D8-A59F-E0AE9B612FA6}.Debug|Any CPU.ActiveCfg = Debug|Any CPU
		{C965FCFA-E4F1-41D8-A59F-E0AE9B612FA6}.Debug|Any CPU.Build.0 = Debug|Any CPU
		{C965FCFA-E4F1-41D8-A59F-E0AE9B612FA6}.Release|Any CPU.ActiveCfg = Release|Any CPU
		{C965FCFA-E4F1-41D8-A59F-E0AE9B612FA6}.Release|Any CPU.Build.0 = Release|Any CPU
	EndGlobalSection
	GlobalSection(SolutionProperties) = preSolution
		HideSolutionNode = FALSE
	EndGlobalSection
	GlobalSection(ExtensibilityGlobals) = postSolution
		SolutionGuid = {5B336068-0ADB-4D93-85E7-38533F7E5EA6}
	EndGlobalSection
EndGlobal
